
Microsoft Visual Studio Solution File, Format Version 12.00
# Visual Studio 15
VisualStudioVersion = 15.0.27130.2027
MinimumVisualStudioVersion = 10.0.40219.1
Project("{FAE04EC0-301F-11D3-BF4B-00C04F79EFBC}") = "CountLettersTest", "CountLettersTest\CountLettersTest.csproj", "{9E3E170F-A0A2-4DC3-A822-8F4C1AB4437E}"
EndProject
Project("{FAE04EC0-301F-11D3-BF4B-00C04F79EFBC}") = "CountLetters", "CountLetters\CountLetters.csproj", "{9C0E4DEB-D044-4E7B-AB2E-FC9731DCB25E}"
EndProject
Global
	GlobalSection(SolutionConfigurationPlatforms) = preSolution
		Debug|Any CPU = Debug|Any CPU
		Release|Any CPU = Release|Any CPU
	EndGlobalSection
	GlobalSection(ProjectConfigurationPlatforms) = postSolution
		{9E3E170F-A0A2-4DC3-A822-8F4C1AB4437E}.Debug|Any CPU.ActiveCfg = Debug|Any CPU
		{9E3E170F-A0A2-4DC3-A822-8F4C1AB4437E}.Debug|Any CPU.Build.0 = Debug|Any CPU
		{9E3E170F-A0A2-4DC3-A822-8F4C1AB4437E}.Release|Any CPU.ActiveCfg = Release|Any CPU
		{9E3E170F-A0A2-4DC3-A822-8F4C1AB4437E}.Release|Any CPU.Build.0 = Release|Any CPU
		{9C0E4DEB-D044-4E7B-AB2E-FC9731DCB25E}.Debug|Any CPU.ActiveCfg = Debug|Any CPU
		{9C0E4DEB-D044-4E7B-AB2E-FC9731DCB25E}.Debug|Any CPU.Build.0 = Debug|Any CPU
		{9C0E4DEB-D044-4E7B-AB2E-FC9731DCB25E}.Release|Any CPU.ActiveCfg = Release|Any CPU
		{9C0E4DEB-D044-4E7B-AB2E-FC9731DCB25E}.Release|Any CPU.Build.0 = Release|Any CPU
	EndGlobalSection
	GlobalSection(SolutionProperties) = preSolution
		HideSolutionNode = FALSE
	EndGlobalSection
	GlobalSection(ExtensibilityGlobals) = postSolution
		SolutionGuid = {86889954-1CAD-4225-89A4-AAC00C7E1488}
	EndGlobalSection
EndGlobal
