
Microsoft Visual Studio Solution File, Format Version 12.00
# Visual Studio 15
VisualStudioVersion = 15.0.27130.2027
MinimumVisualStudioVersion = 10.0.40219.1
Project("{FAE04EC0-301F-11D3-BF4B-00C04F79EFBC}") = "Compare Length", "Compare Length\Compare Length.csproj", "{874E3BF1-FD36-4BF7-BE0A-E7ACB2D54FF8}"
EndProject
Global
	GlobalSection(SolutionConfigurationPlatforms) = preSolution
		Debug|Any CPU = Debug|Any CPU
		Release|Any CPU = Release|Any CPU
	EndGlobalSection
	GlobalSection(ProjectConfigurationPlatforms) = postSolution
		{874E3BF1-FD36-4BF7-BE0A-E7ACB2D54FF8}.Debug|Any CPU.ActiveCfg = Debug|Any CPU
		{874E3BF1-FD36-4BF7-BE0A-E7ACB2D54FF8}.Debug|Any CPU.Build.0 = Debug|Any CPU
		{874E3BF1-FD36-4BF7-BE0A-E7ACB2D54FF8}.Release|Any CPU.ActiveCfg = Release|Any CPU
		{874E3BF1-FD36-4BF7-BE0A-E7ACB2D54FF8}.Release|Any CPU.Build.0 = Release|Any CPU
	EndGlobalSection
	GlobalSection(SolutionProperties) = preSolution
		HideSolutionNode = FALSE
	EndGlobalSection
	GlobalSection(ExtensibilityGlobals) = postSolution
		SolutionGuid = {79B6178B-8205-49D1-A158-6C0143BD1A4D}
	EndGlobalSection
EndGlobal
