
Microsoft Visual Studio Solution File, Format Version 12.00
# Visual Studio 15
VisualStudioVersion = 15.0.27130.2027
MinimumVisualStudioVersion = 10.0.40219.1
Project("{FAE04EC0-301F-11D3-BF4B-00C04F79EFBC}") = "Print elements", "Print elements\Print elements.csproj", "{EFDF1E47-BE09-41C0-A01F-6E388619894A}"
EndProject
Global
	GlobalSection(SolutionConfigurationPlatforms) = preSolution
		Debug|Any CPU = Debug|Any CPU
		Release|Any CPU = Release|Any CPU
	EndGlobalSection
	GlobalSection(ProjectConfigurationPlatforms) = postSolution
		{EFDF1E47-BE09-41C0-A01F-6E388619894A}.Debug|Any CPU.ActiveCfg = Debug|Any CPU
		{EFDF1E47-BE09-41C0-A01F-6E388619894A}.Debug|Any CPU.Build.0 = Debug|Any CPU
		{EFDF1E47-BE09-41C0-A01F-6E388619894A}.Release|Any CPU.ActiveCfg = Release|Any CPU
		{EFDF1E47-BE09-41C0-A01F-6E388619894A}.Release|Any CPU.Build.0 = Release|Any CPU
	EndGlobalSection
	GlobalSection(SolutionProperties) = preSolution
		HideSolutionNode = FALSE
	EndGlobalSection
	GlobalSection(ExtensibilityGlobals) = postSolution
		SolutionGuid = {5CBAAE3E-E591-406F-AF41-F7FA8405F366}
	EndGlobalSection
EndGlobal
