
Microsoft Visual Studio Solution File, Format Version 12.00
# Visual Studio 15
VisualStudioVersion = 15.0.27130.2027
MinimumVisualStudioVersion = 10.0.40219.1
Project("{FAE04EC0-301F-11D3-BF4B-00C04F79EFBC}") = "Append a", "Append a\Append a.csproj", "{0C775EE6-D49A-4C28-9813-37B5C061BEFD}"
EndProject
Global
	GlobalSection(SolutionConfigurationPlatforms) = preSolution
		Debug|Any CPU = Debug|Any CPU
		Release|Any CPU = Release|Any CPU
	EndGlobalSection
	GlobalSection(ProjectConfigurationPlatforms) = postSolution
		{0C775EE6-D49A-4C28-9813-37B5C061BEFD}.Debug|Any CPU.ActiveCfg = Debug|Any CPU
		{0C775EE6-D49A-4C28-9813-37B5C061BEFD}.Debug|Any CPU.Build.0 = Debug|Any CPU
		{0C775EE6-D49A-4C28-9813-37B5C061BEFD}.Release|Any CPU.ActiveCfg = Release|Any CPU
		{0C775EE6-D49A-4C28-9813-37B5C061BEFD}.Release|Any CPU.Build.0 = Release|Any CPU
	EndGlobalSection
	GlobalSection(SolutionProperties) = preSolution
		HideSolutionNode = FALSE
	EndGlobalSection
	GlobalSection(ExtensibilityGlobals) = postSolution
		SolutionGuid = {20F4ACA6-7113-461C-8FFB-31E07A06D76C}
	EndGlobalSection
EndGlobal
