
Microsoft Visual Studio Solution File, Format Version 12.00
# Visual Studio 15
VisualStudioVersion = 15.0.27130.2027
MinimumVisualStudioVersion = 10.0.40219.1
Project("{FAE04EC0-301F-11D3-BF4B-00C04F79EFBC}") = "Change element", "Change element\Change element.csproj", "{6FE9F7D6-4B38-4867-BDCC-A9A4D5E23C4D}"
EndProject
Global
	GlobalSection(SolutionConfigurationPlatforms) = preSolution
		Debug|Any CPU = Debug|Any CPU
		Release|Any CPU = Release|Any CPU
	EndGlobalSection
	GlobalSection(ProjectConfigurationPlatforms) = postSolution
		{6FE9F7D6-4B38-4867-BDCC-A9A4D5E23C4D}.Debug|Any CPU.ActiveCfg = Debug|Any CPU
		{6FE9F7D6-4B38-4867-BDCC-A9A4D5E23C4D}.Debug|Any CPU.Build.0 = Debug|Any CPU
		{6FE9F7D6-4B38-4867-BDCC-A9A4D5E23C4D}.Release|Any CPU.ActiveCfg = Release|Any CPU
		{6FE9F7D6-4B38-4867-BDCC-A9A4D5E23C4D}.Release|Any CPU.Build.0 = Release|Any CPU
	EndGlobalSection
	GlobalSection(SolutionProperties) = preSolution
		HideSolutionNode = FALSE
	EndGlobalSection
	GlobalSection(ExtensibilityGlobals) = postSolution
		SolutionGuid = {6DB82A25-DEA4-4028-892B-1189FA9C5A1F}
	EndGlobalSection
EndGlobal
