
Microsoft Visual Studio Solution File, Format Version 12.00
# Visual Studio 15
VisualStudioVersion = 15.0.27130.2027
MinimumVisualStudioVersion = 10.0.40219.1
Project("{FAE04EC0-301F-11D3-BF4B-00C04F79EFBC}") = "Everythinggoestocenter", "Everythinggoestocenter\Everythinggoestocenter.csproj", "{F8D27F40-FEB1-4B4D-8F9D-216C0FCA0086}"
EndProject
Global
	GlobalSection(SolutionConfigurationPlatforms) = preSolution
		Debug|Any CPU = Debug|Any CPU
		Release|Any CPU = Release|Any CPU
	EndGlobalSection
	GlobalSection(ProjectConfigurationPlatforms) = postSolution
		{F8D27F40-FEB1-4B4D-8F9D-216C0FCA0086}.Debug|Any CPU.ActiveCfg = Debug|Any CPU
		{F8D27F40-FEB1-4B4D-8F9D-216C0FCA0086}.Debug|Any CPU.Build.0 = Debug|Any CPU
		{F8D27F40-FEB1-4B4D-8F9D-216C0FCA0086}.Release|Any CPU.ActiveCfg = Release|Any CPU
		{F8D27F40-FEB1-4B4D-8F9D-216C0FCA0086}.Release|Any CPU.Build.0 = Release|Any CPU
	EndGlobalSection
	GlobalSection(SolutionProperties) = preSolution
		HideSolutionNode = FALSE
	EndGlobalSection
	GlobalSection(ExtensibilityGlobals) = postSolution
		SolutionGuid = {64E9413E-6A39-4F8A-8416-3BDA613F4A12}
	EndGlobalSection
EndGlobal
