
Microsoft Visual Studio Solution File, Format Version 12.00
# Visual Studio 15
VisualStudioVersion = 15.0.27130.2027
MinimumVisualStudioVersion = 10.0.40219.1
Project("{FAE04EC0-301F-11D3-BF4B-00C04F79EFBC}") = "Draw", "Draw\Draw.csproj", "{4194565F-5844-4FEC-B05B-A5332925018B}"
EndProject
Global
	GlobalSection(SolutionConfigurationPlatforms) = preSolution
		Debug|Any CPU = Debug|Any CPU
		Release|Any CPU = Release|Any CPU
	EndGlobalSection
	GlobalSection(ProjectConfigurationPlatforms) = postSolution
		{4194565F-5844-4FEC-B05B-A5332925018B}.Debug|Any CPU.ActiveCfg = Debug|Any CPU
		{4194565F-5844-4FEC-B05B-A5332925018B}.Debug|Any CPU.Build.0 = Debug|Any CPU
		{4194565F-5844-4FEC-B05B-A5332925018B}.Release|Any CPU.ActiveCfg = Release|Any CPU
		{4194565F-5844-4FEC-B05B-A5332925018B}.Release|Any CPU.Build.0 = Release|Any CPU
	EndGlobalSection
	GlobalSection(SolutionProperties) = preSolution
		HideSolutionNode = FALSE
	EndGlobalSection
	GlobalSection(ExtensibilityGlobals) = postSolution
		SolutionGuid = {F9BF3BB3-821F-4CAD-B80D-A7C5F59BE4D0}
	EndGlobalSection
EndGlobal
