
Microsoft Visual Studio Solution File, Format Version 12.00
# Visual Studio 15
VisualStudioVersion = 15.0.27130.2027
MinimumVisualStudioVersion = 10.0.40219.1
Project("{FAE04EC0-301F-11D3-BF4B-00C04F79EFBC}") = "AppleTest", "AppleTest\AppleTest.csproj", "{63E22FE2-C106-4673-B2F7-482BDB6FE024}"
EndProject
Project("{FAE04EC0-301F-11D3-BF4B-00C04F79EFBC}") = "Apple", "Apple\Apple.csproj", "{A53DA75A-D4B3-4F9A-9F11-7B719457FE73}"
EndProject
Global
	GlobalSection(SolutionConfigurationPlatforms) = preSolution
		Debug|Any CPU = Debug|Any CPU
		Release|Any CPU = Release|Any CPU
	EndGlobalSection
	GlobalSection(ProjectConfigurationPlatforms) = postSolution
		{63E22FE2-C106-4673-B2F7-482BDB6FE024}.Debug|Any CPU.ActiveCfg = Debug|Any CPU
		{63E22FE2-C106-4673-B2F7-482BDB6FE024}.Debug|Any CPU.Build.0 = Debug|Any CPU
		{63E22FE2-C106-4673-B2F7-482BDB6FE024}.Release|Any CPU.ActiveCfg = Release|Any CPU
		{63E22FE2-C106-4673-B2F7-482BDB6FE024}.Release|Any CPU.Build.0 = Release|Any CPU
		{A53DA75A-D4B3-4F9A-9F11-7B719457FE73}.Debug|Any CPU.ActiveCfg = Debug|Any CPU
		{A53DA75A-D4B3-4F9A-9F11-7B719457FE73}.Debug|Any CPU.Build.0 = Debug|Any CPU
		{A53DA75A-D4B3-4F9A-9F11-7B719457FE73}.Release|Any CPU.ActiveCfg = Release|Any CPU
		{A53DA75A-D4B3-4F9A-9F11-7B719457FE73}.Release|Any CPU.Build.0 = Release|Any CPU
	EndGlobalSection
	GlobalSection(SolutionProperties) = preSolution
		HideSolutionNode = FALSE
	EndGlobalSection
	GlobalSection(ExtensibilityGlobals) = postSolution
		SolutionGuid = {E47ABC5A-2338-40ED-938E-7A7F9A90C230}
	EndGlobalSection
EndGlobal
