
Microsoft Visual Studio Solution File, Format Version 12.00
# Visual Studio 15
VisualStudioVersion = 15.0.27130.2027
MinimumVisualStudioVersion = 10.0.40219.1
Project("{FAE04EC0-301F-11D3-BF4B-00C04F79EFBC}") = "Greeter function", "Greeter function\Greeter function.csproj", "{65346506-CE22-47B5-B392-020BB4DB0EA7}"
EndProject
Global
	GlobalSection(SolutionConfigurationPlatforms) = preSolution
		Debug|Any CPU = Debug|Any CPU
		Release|Any CPU = Release|Any CPU
	EndGlobalSection
	GlobalSection(ProjectConfigurationPlatforms) = postSolution
		{65346506-CE22-47B5-B392-020BB4DB0EA7}.Debug|Any CPU.ActiveCfg = Debug|Any CPU
		{65346506-CE22-47B5-B392-020BB4DB0EA7}.Debug|Any CPU.Build.0 = Debug|Any CPU
		{65346506-CE22-47B5-B392-020BB4DB0EA7}.Release|Any CPU.ActiveCfg = Release|Any CPU
		{65346506-CE22-47B5-B392-020BB4DB0EA7}.Release|Any CPU.Build.0 = Release|Any CPU
	EndGlobalSection
	GlobalSection(SolutionProperties) = preSolution
		HideSolutionNode = FALSE
	EndGlobalSection
	GlobalSection(ExtensibilityGlobals) = postSolution
		SolutionGuid = {6C922A8D-BE68-4D1A-94A3-2B93C70E04B7}
	EndGlobalSection
EndGlobal
